{
  "name": "tai",
  "version": "1.0.0",
  "lockfileVersion": 3,
  "requires": true,
  "packages": {
    "": {
      "name": "tai",
      "version": "1.0.0",
      "license": "ISC",
      "dependencies": {
        "devextreme-dist": "23.2.4"
      }
    },
    "node_modules/devextreme-dist": {
      "version": "23.2.4",
      "resolved": "https://registry.npmjs.org/devextreme-dist/-/devextreme-dist-23.2.4.tgz",
      "integrity": "sha512-aLIycpgzIIZeo0kOFcrToJGlWlJtddzLznLASfFDQUnAXjV2QAtEQfPjb0zfNFI27koHvpPQ015kZyiwG8tNWA=="
    }
  }
}
