{
  "name": "tai",
  "version": "1.0.0",
  "lockfileVersion": 3,
  "requires": true,
  "packages": {
    "": {
      "name": "tai",
      "version": "1.0.0",
      "license": "ISC",
      "dependencies": {
        "devextreme-dist": "23.2.6",
        "jquery": "^3.7.1"
      }
    },
    "node_modules/devextreme-dist": {
      "version": "23.2.6",
      "resolved": "https://registry.npmjs.org/devextreme-dist/-/devextreme-dist-23.2.6.tgz",
      "integrity": "sha512-mf9SiaRPu8HWSnzDA+me8mQ9DXMHkfEHDpMaosl6zjT/Me0ChAhRLUBftGPVUbNhBzR3VT2rp/84BGcbM/GTQw=="
    },
    "node_modules/jquery": {
      "version": "3.7.1",
      "resolved": "https://registry.npmjs.org/jquery/-/jquery-3.7.1.tgz",
      "integrity": "sha512-m4avr8yL8kmFN8psrbFFFmB/If14iN5o9nw/NgnnM+kybDJpRsAynV2BsfpTYrTRysYUdADVD7CkUUizgkpLfg=="
    }
  }
}
